// !$*UTF8*$!
{
	archiveVersion = 1;
	classes = {
	};
	objectVersion = 46;
	objects = {

/* Begin PBXBuildFile section */
		EA4E772B1F711D67004A8EF2 /* loginpageViewController.swift in Sources */ = {isa = PBXBuildFile; fileRef = EA4E772A1F711D67004A8EF2 /* loginpageViewController.swift */; };
		EA9AD3C11F5C12F2009ACE9E /* AppDelegate.swift in Sources */ = {isa = PBXBuildFile; fileRef = EA9AD3C01F5C12F2009ACE9E /* AppDelegate.swift */; };
		EA9AD3C31F5C12F2009ACE9E /* ViewController.swift in Sources */ = {isa = PBXBuildFile; fileRef = EA9AD3C21F5C12F2009ACE9E /* ViewController.swift */; };
		EA9AD3C61F5C12F2009ACE9E /* Main.storyboard in Resources */ = {isa = PBXBuildFile; fileRef = EA9AD3C41F5C12F2009ACE9E /* Main.storyboard */; };
		EA9AD3C81F5C12F2009ACE9E /* Assets.xcassets in Resources */ = {isa = PBXBuildFile; fileRef = EA9AD3C71F5C12F2009ACE9E /* Assets.xcassets */; };
		EA9AD3CB1F5C12F2009ACE9E /* LaunchScreen.storyboard in Resources */ = {isa = PBXBuildFile; fileRef = EA9AD3C91F5C12F2009ACE9E /* LaunchScreen.storyboard */; };
/* End PBXBuildFile section */

/* Begin PBXFileReference section */
		EA4E772A1F711D67004A8EF2 /* loginpageViewController.swift */ = {isa = PBXFileReference; fileEncoding = 4; lastKnownFileType = sourcecode.swift; path = loginpageViewController.swift; sourceTree = "<group>"; };
		EA9AD3BD1F5C12F2009ACE9E /* cards game.app */ = {isa = PBXFileReference; explicitFileType = wrapper.application; includeInIndex = 0; path = "cards game.app"; sourceTree = BUILT_PRODUCTS_DIR; };
		EA9AD3C01F5C12F2009ACE9E /* AppDelegate.swift */ = {isa = PBXFileReference; lastKnownFileType = sourcecode.swift; path = AppDelegate.swift; sourceTree = "<group>"; };
		EA9AD3C21F5C12F2009ACE9E /* ViewController.swift */ = {isa = PBXFileReference; lastKnownFileType = sourcecode.swift; path = ViewController.swift; sourceTree = "<group>"; };
		EA9AD3C51F5C12F2009ACE9E /* Base */ = {isa = PBXFileReference; lastKnownFileType = file.storyboard; name = Base; path = Base.lproj/Main.storyboard; sourceTree = "<group>"; };
		EA9AD3C71F5C12F2009ACE9E /* Assets.xcassets */ = {isa = PBXFileReference; lastKnownFileType = folder.assetcatalog; path = Assets.xcassets; sourceTree = "<group>"; };
		EA9AD3CA1F5C12F2009ACE9E /* Base */ = {isa = PBXFileReference; lastKnownFileType = file.storyboard; name = Base; path = Base.lproj/LaunchScreen.storyboard; sourceTree = "<group>"; };
		EA9AD3CC1F5C12F2009ACE9E /* Info.plist */ = {isa = PBXFileReference; lastKnownFileType = text.plist.xml; path = Info.plist; sourceTree = "<group>"; };
/* End PBXFileReference section */

/* Begin PBXFrameworksBuildPhase section */
		EA9AD3BA1F5C12F2009ACE9E /* Frameworks */ = {
			isa = PBXFrameworksBuildPhase;
			buildActionMask = 2147483647;
			files = (
			);
			runOnlyForDeploymentPostprocessing = 0;
		};
/* End PBXFrameworksBuildPhase section */

/* Begin PBXGroup section */
		EA9AD3B41F5C12F2009ACE9E = {
			isa = PBXGroup;
			children = (
				EA9AD3BF1F5C12F2009ACE9E /* cards game */,
				EA9AD3BE1F5C12F2009ACE9E /* Products */,
			);
			sourceTree = "<group>";
		};
		EA9AD3BE1F5C12F2009ACE9E /* Products */ = {
			isa = PBXGroup;
			children = (
				EA9AD3BD1F5C12F2009ACE9E /* cards game.app */,
			);
			name = Products;
			sourceTree = "<group>";
		};
		EA9AD3BF1F5C12F2009ACE9E /* cards game */ = {
			isa = PBXGroup;
			children = (
				EA9AD3C01F5C12F2009ACE9E /* AppDelegate.swift */,
				EA9AD3C21F5C12F2009ACE9E /* ViewController.swift */,
				EA9AD3C41F5C12F2009ACE9E /* Main.storyboard */,
				EA4E772A1F711D67004A8EF2 /* loginpageViewController.swift */,
				EA9AD3C71F5C12F2009ACE9E /* Assets.xcassets */,
				EA9AD3C91F5C12F2009ACE9E /* LaunchScreen.storyboard */,
				EA9AD3CC1F5C12F2009ACE9E /* Info.plist */,
			);
			path = "cards game";
			sourceTree = "<group>";
		};
/* End PBXGroup section */

/* Begin PBXNativeTarget section */
		EA9AD3BC1F5C12F2009ACE9E /* cards game */ = {
			isa = PBXNativeTarget;
			buildConfigurationList = EA9AD3CF1F5C12F2009ACE9E /* Build configuration list for PBXNativeTarget "cards game" */;
			buildPhases = (
				EA9AD3B91F5C12F2009ACE9E /* Sources */,
				EA9AD3BA1F5C12F2009ACE9E /* Frameworks */,
				EA9AD3BB1F5C12F2009ACE9E /* Resources */,
			);
			buildRules = (
			);
			dependencies = (
			);
			name = "cards game";
			productName = "cards game";
			productReference = EA9AD3BD1F5C12F2009ACE9E /* cards game.app */;
			productType = "com.apple.product-type.application";
		};
/* End PBXNativeTarget section */

/* Begin PBXProject section */
		EA9AD3B51F5C12F2009ACE9E /* Project object */ = {
			isa = PBXProject;
			attributes = {
				LastSwiftUpdateCheck = 0830;
				LastUpgradeCheck = 0830;
				ORGANIZATIONNAME = "gulam ali";
				TargetAttributes = {
					EA9AD3BC1F5C12F2009ACE9E = {
						CreatedOnToolsVersion = 8.3.3;
						ProvisioningStyle = Automatic;
					};
				};
			};
			buildConfigurationList = EA9AD3B81F5C12F2009ACE9E /* Build configuration list for PBXProject "cards game" */;
			compatibilityVersion = "Xcode 3.2";
			developmentRegion = English;
			hasScannedForEncodings = 0;
			knownRegions = (
				en,
				Base,
			);
			mainGroup = EA9AD3B41F5C12F2009ACE9E;
			productRefGroup = EA9AD3BE1F5C12F2009ACE9E /* Products */;
			projectDirPath = "";
			projectRoot = "";
			targets = (
				EA9AD3BC1F5C12F2009ACE9E /* cards game */,
			);
		};
/* End PBXProject section */

/* Begin PBXResourcesBuildPhase section */
		EA9AD3BB1F5C12F2009ACE9E /* Resources */ = {
			isa = PBXResourcesBuildPhase;
			buildActionMask = 2147483647;
			files = (
				EA9AD3CB1F5C12F2009ACE9E /* LaunchScreen.storyboard in Resources */,
				EA9AD3C81F5C12F2009ACE9E /* Assets.xcassets in Resources */,
				EA9AD3C61F5C12F2009ACE9E /* Main.storyboard in Resources */,
			);
			runOnlyForDeploymentPostprocessing = 0;
		};
/* End PBXResourcesBuildPhase section */

/* Begin PBXSourcesBuildPhase section */
		EA9AD3B91F5C12F2009ACE9E /* Sources */ = {
			isa = PBXSourcesBuildPhase;
			buildActionMask = 2147483647;
			files = (
				EA9AD3C31F5C12F2009ACE9E /* ViewController.swift in Sources */,
				EA9AD3C11F5C12F2009ACE9E /* AppDelegate.swift in Sources */,
				EA4E772B1F711D67004A8EF2 /* loginpageViewController.swift in Sources */,
			);
			runOnlyForDeploymentPostprocessing = 0;
		};
/* End PBXSourcesBuildPhase section */

/* Begin PBXVariantGroup section */
		EA9AD3C41F5C12F2009ACE9E /* Main.storyboard */ = {
			isa = PBXVariantGroup;
			children = (
				EA9AD3C51F5C12F2009ACE9E /* Base */,
			);
			name = Main.storyboard;
			sourceTree = "<group>";
		};
		EA9AD3C91F5C12F2009ACE9E /* LaunchScreen.storyboard */ = {
			isa = PBXVariantGroup;
			children = (
				EA9AD3CA1F5C12F2009ACE9E /* Base */,
			);
			name = LaunchScreen.storyboard;
			sourceTree = "<group>";
		};
/* End PBXVariantGroup section */

/* Begin XCBuildConfiguration section */
		EA9AD3CD1F5C12F2009ACE9E /* Debug */ = {
			isa = XCBuildConfiguration;
			buildSettings = {
				ALWAYS_SEARCH_USER_PATHS = NO;
				CLANG_ANALYZER_NONNULL = YES;
				CLANG_ANALYZER_NUMBER_OBJECT_CONVERSION = YES_AGGRESSIVE;
				CLANG_CXX_LANGUAGE_STANDARD = "gnu++0x";
				CLANG_CXX_LIBRARY = "libc++";
				CLANG_ENABLE_MODULES = YES;
				CLANG_ENABLE_OBJC_ARC = YES;
				CLANG_WARN_BOOL_CONVERSION = YES;
				CLANG_WARN_CONSTANT_CONVERSION = YES;
				CLANG_WARN_DIRECT_OBJC_ISA_USAGE = YES_ERROR;
				CLANG_WARN_DOCUMENTATION_COMMENTS = YES;
				CLANG_WARN_EMPTY_BODY = YES;
				CLANG_WARN_ENUM_CONVERSION = YES;
				CLANG_WARN_INFINITE_RECURSION = YES;
				CLANG_WARN_INT_CONVERSION = YES;
				CLANG_WARN_OBJC_ROOT_CLASS = YES_ERROR;
				CLANG_WARN_SUSPICIOUS_MOVE = YES;
				CLANG_WARN_UNREACHABLE_CODE = YES;
				CLANG_WARN__DUPLICATE_METHOD_MATCH = YES;
				"CODE_SIGN_IDENTITY[sdk=iphoneos*]" = "iPhone Developer";
				COPY_PHASE_STRIP = NO;
				DEBUG_INFORMATION_FORMAT = dwarf;
				ENABLE_STRICT_OBJC_MSGSEND = YES;
				ENABLE_TESTABILITY = YES;
				GCC_C_LANGUAGE_STANDARD = gnu99;
				GCC_DYNAMIC_NO_PIC = NO;
				GCC_NO_COMMON_BLOCKS = YES;
				GCC_OPTIMIZATION_LEVEL = 0;
				GCC_PREPROCESSOR_DEFINITIONS = (
					"DEBUG=1",
					"$(inherited)",
				);
				GCC_WARN_64_TO_32_BIT_CONVERSION = YES;
				GCC_WARN_ABOUT_RETURN_TYPE = YES_ERROR;
				GCC_WARN_UNDECLARED_SELECTOR = YES;
				GCC_WARN_UNINITIALIZED_AUTOS = YES_AGGRESSIVE;
				GCC_WARN_UNUSED_FUNCTION = YES;
				GCC_WARN_UNUSED_VARIABLE = YES;
				IPHONEOS_DEPLOYMENT_TARGET = 10.3;
				MTL_ENABLE_DEBUG_INFO = YES;
				ONLY_ACTIVE_ARCH = YES;
				SDKROOT = iphoneos;
				SWIFT_ACTIVE_COMPILATION_CONDITIONS = DEBUG;
				SWIFT_OPTIMIZATION_LEVEL = "-Onone";
			};
			name = Debug;
		};
		EA9AD3CE1F5C12F2009ACE9E /* Release */ = {
			isa = XCBuildConfiguration;
			buildSettings = {
				ALWAYS_SEARCH_USER_PATHS = NO;
				CLANG_ANALYZER_NONNULL = YES;
				CLANG_ANALYZER_NUMBER_OBJECT_CONVERSION = YES_AGGRESSIVE;
				CLANG_CXX_LANGUAGE_STANDARD = "gnu++0x";
				CLANG_CXX_LIBRARY = "libc++";
				CLANG_ENABLE_MODULES = YES;
				CLANG_ENABLE_OBJC_ARC = YES;
				CLANG_WARN_BOOL_CONVERSION = YES;
				CLANG_WARN_CONSTANT_CONVERSION = YES;
				CLANG_WARN_DIRECT_OBJC_ISA_USAGE = YES_ERROR;
				CLANG_WARN_DOCUMENTATION_COMMENTS = YES;
				CLANG_WARN_EMPTY_BODY = YES;
				CLANG_WARN_ENUM_CONVERSION = YES;
				CLANG_WARN_INFINITE_RECURSION = YES;
				CLANG_WARN_INT_CONVERSION = YES;
				CLANG_WARN_OBJC_ROOT_CLASS = YES_ERROR;
				CLANG_WARN_SUSPICIOUS_MOVE = YES;
				CLANG_WARN_UNREACHABLE_CODE = YES;
				CLANG_WARN__DUPLICATE_METHOD_MATCH = YES;
				"CODE_SIGN_IDENTITY[sdk=iphoneos*]" = "iPhone Developer";
				COPY_PHASE_STRIP = NO;
				DEBUG_INFORMATION_FORMAT = "dwarf-with-dsym";
				ENABLE_NS_ASSERTIONS = NO;
				ENABLE_STRICT_OBJC_MSGSEND = YES;
				GCC_C_LANGUAGE_STANDARD = gnu99;
				GCC_NO_COMMON_BLOCKS = YES;
				GCC_WARN_64_TO_32_BIT_CONVERSION = YES;
				GCC_WARN_ABOUT_RETURN_TYPE = YES_ERROR;
				GCC_WARN_UNDECLARED_SELECTOR = YES;
				GCC_WARN_UNINITIALIZED_AUTOS = YES_AGGRESSIVE;
				GCC_WARN_UNUSED_FUNCTION = YES;
				GCC_WARN_UNUSED_VARIABLE = YES;
				IPHONEOS_DEPLOYMENT_TARGET = 10.3;
				MTL_ENABLE_DEBUG_INFO = NO;
				SDKROOT = iphoneos;
				SWIFT_OPTIMIZATION_LEVEL = "-Owholemodule";
				VALIDATE_PRODUCT = YES;
			};
			name = Release;
		};
		EA9AD3D01F5C12F2009ACE9E /* Debug */ = {
			isa = XCBuildConfiguration;
			buildSettings = {
				ASSETCATALOG_COMPILER_APPICON_NAME = AppIcon;
				INFOPLIST_FILE = "cards game/Info.plist";
				LD_RUNPATH_SEARCH_PATHS = "$(inherited) @executable_path/Frameworks";
				PRODUCT_BUNDLE_IDENTIFIER = "ayan.cards-game";
				PRODUCT_NAME = "$(TARGET_NAME)";
				SWIFT_VERSION = 3.0;
			};
			name = Debug;
		};
		EA9AD3D11F5C12F2009ACE9E /* Release */ = {
			isa = XCBuildConfiguration;
			buildSettings = {
				ASSETCATALOG_COMPILER_APPICON_NAME = AppIcon;
				INFOPLIST_FILE = "cards game/Info.plist";
				LD_RUNPATH_SEARCH_PATHS = "$(inherited) @executable_path/Frameworks";
				PRODUCT_BUNDLE_IDENTIFIER = "ayan.cards-game";
				PRODUCT_NAME = "$(TARGET_NAME)";
				SWIFT_VERSION = 3.0;
			};
			name = Release;
		};
/* End XCBuildConfiguration section */

/* Begin XCConfigurationList section */
		EA9AD3B81F5C12F2009ACE9E /* Build configuration list for PBXProject "cards game" */ = {
			isa = XCConfigurationList;
			buildConfigurations = (
				EA9AD3CD1F5C12F2009ACE9E /* Debug */,
				EA9AD3CE1F5C12F2009ACE9E /* Release */,
			);
			defaultConfigurationIsVisible = 0;
			defaultConfigurationName = Release;
		};
		EA9AD3CF1F5C12F2009ACE9E /* Build configuration list for PBXNativeTarget "cards game" */ = {
			isa = XCConfigurationList;
			buildConfigurations = (
				EA9AD3D01F5C12F2009ACE9E /* Debug */,
				EA9AD3D11F5C12F2009ACE9E /* Release */,
			);
			defaultConfigurationIsVisible = 0;
			defaultConfigurationName = Release;
		};
/* End XCConfigurationList section */
	};
	rootObject = EA9AD3B51F5C12F2009ACE9E /* Project object */;
}
